
Microsoft Visual Studio Solution File, Format Version 12.00
# Visual Studio Version 16
VisualStudioVersion = 16.0.32630.194
MinimumVisualStudioVersion = 10.0.40219.1
Project("{9A19103F-16F7-4668-BE54-9A1E7A4F7556}") = "ContactsLib", "ContactsLib\ContactsLib.csproj", "{DC18E04A-88C4-43C7-8A78-0A4CCBF2EE99}"
EndProject
Project("{FAE04EC0-301F-11D3-BF4B-00C04F79EFBC}") = "ContactsApi", "ContactsApi\ContactsApi.csproj", "{FB09A746-4C6C-408A-A592-70101BEC9CDD}"
EndProject
Global
	GlobalSection(SolutionConfigurationPlatforms) = preSolution
		Debug|Any CPU = Debug|Any CPU
		Release|Any CPU = Release|Any CPU
	EndGlobalSection
	GlobalSection(ProjectConfigurationPlatforms) = postSolution
		{DC18E04A-88C4-43C7-8A78-0A4CCBF2EE99}.Debug|Any CPU.ActiveCfg = Debug|Any CPU
		{DC18E04A-88C4-43C7-8A78-0A4CCBF2EE99}.Debug|Any CPU.Build.0 = Debug|Any CPU
		{DC18E04A-88C4-43C7-8A78-0A4CCBF2EE99}.Release|Any CPU.ActiveCfg = Release|Any CPU
		{DC18E04A-88C4-43C7-8A78-0A4CCBF2EE99}.Release|Any CPU.Build.0 = Release|Any CPU
		{FB09A746-4C6C-408A-A592-70101BEC9CDD}.Debug|Any CPU.ActiveCfg = Debug|Any CPU
		{FB09A746-4C6C-408A-A592-70101BEC9CDD}.Debug|Any CPU.Build.0 = Debug|Any CPU
		{FB09A746-4C6C-408A-A592-70101BEC9CDD}.Release|Any CPU.ActiveCfg = Release|Any CPU
		{FB09A746-4C6C-408A-A592-70101BEC9CDD}.Release|Any CPU.Build.0 = Release|Any CPU
	EndGlobalSection
	GlobalSection(SolutionProperties) = preSolution
		HideSolutionNode = FALSE
	EndGlobalSection
	GlobalSection(ExtensibilityGlobals) = postSolution
		SolutionGuid = {D8A99BE1-86E9-4D60-985F-F346C99E55D5}
	EndGlobalSection
EndGlobal
